
Microsoft Visual Studio Solution File, Format Version 10.00
# Visual C++ Express 2008
Project("{8BC9CEB8-8B4A-11D0-8D11-00A0C91BC942}") = "SMK", "SMK.vcproj", "{94A3D306-0036-40A1-80F9-B55C3DD94C09}"
EndProject
Global
	GlobalSection(SolutionConfigurationPlatforms) = preSolution
		Debug|Win32 = Debug|Win32
		Release|Win32 = Release|Win32
	EndGlobalSection
	GlobalSection(ProjectConfigurationPlatforms) = postSolution
		{94A3D306-0036-40A1-80F9-B55C3DD94C09}.Debug|Win32.ActiveCfg = Debug|Win32
		{94A3D306-0036-40A1-80F9-B55C3DD94C09}.Debug|Win32.Build.0 = Debug|Win32
		{94A3D306-0036-40A1-80F9-B55C3DD94C09}.Release|Win32.ActiveCfg = Release|Win32
		{94A3D306-0036-40A1-80F9-B55C3DD94C09}.Release|Win32.Build.0 = Release|Win32
	EndGlobalSection
	GlobalSection(SolutionProperties) = preSolution
		HideSolutionNode = FALSE
	EndGlobalSection
EndGlobal
